
Microsoft Visual Studio Solution File, Format Version 12.00
# Visual Studio Version 16
VisualStudioVersion = 16.0.29613.14
MinimumVisualStudioVersion = 10.0.40219.1
Project("{2150E333-8FDC-42A3-9474-1A3956D46DE8}") = "Solution Items", "Solution Items", "{F77078C4-4740-4F73-A16E-1C8799F6976C}"
	ProjectSection(SolutionItems) = preProject
		Sounds Used.txt = Sounds Used.txt
	EndProjectSection
EndProject
Project("{D954291E-2A0B-460D-934E-DC6B0785DB48}") = "GrayHorizons", "GrayHorizons\GrayHorizons.shproj", "{2A2267A1-4FB2-4355-845C-77CEB4A3B868}"
EndProject
Project("{FAE04EC0-301F-11D3-BF4B-00C04F79EFBC}") = "GrayHorizons.CollisionMaker", "GrayHorizons.CollisionMaker\GrayHorizons.CollisionMaker.csproj", "{6FE5EA11-CAF7-461D-AA42-D0AB59AE3BF0}"
EndProject
Project("{FAE04EC0-301F-11D3-BF4B-00C04F79EFBC}") = "GrayHorizons.Windows.OpenGL", "GrayHorizons.Windows.OpenGL\GrayHorizons.Windows.OpenGL.csproj", "{C894AFF9-74FD-46FF-BA4B-529E5414B644}"
EndProject
Project("{FAE04EC0-301F-11D3-BF4B-00C04F79EFBC}") = "GameStateManagement", "GameStateManagement\GameStateManagement.csproj", "{048EFAC0-59DB-49E4-864A-06D4B5FEAAB6}"
EndProject
Project("{D954291E-2A0B-460D-934E-DC6B0785DB48}") = "GrayHorizons.Content", "GrayHorizons.Content\GrayHorizons.Content.shproj", "{33021A27-CE14-4B2F-8195-282F24268E64}"
EndProject
Project("{FAE04EC0-301F-11D3-BF4B-00C04F79EFBC}") = "GrayHorizons.Windows.DirectX", "GrayHorizons.Windows.DirectX\GrayHorizons.Windows.DirectX.csproj", "{7EC9B87C-8066-4A00-9285-65C7D17778B1}"
EndProject
Global
	GlobalSection(SharedMSBuildProjectFiles) = preSolution
		GrayHorizons\GrayHorizons.projitems*{2a2267a1-4fb2-4355-845c-77ceb4a3b868}*SharedItemsImports = 13
		GrayHorizons.Content\GrayHorizons.Content.projitems*{33021a27-ce14-4b2f-8195-282f24268e64}*SharedItemsImports = 13
		GrayHorizons\GrayHorizons.projitems*{7ec9b87c-8066-4a00-9285-65c7d17778b1}*SharedItemsImports = 4
		GrayHorizons\GrayHorizons.projitems*{c894aff9-74fd-46ff-ba4b-529e5414b644}*SharedItemsImports = 4
	EndGlobalSection
	GlobalSection(SolutionConfigurationPlatforms) = preSolution
		Debug|Any CPU = Debug|Any CPU
		Debug|x86 = Debug|x86
		Default|Any CPU = Default|Any CPU
		Default|x86 = Default|x86
		Release|Any CPU = Release|Any CPU
		Release|x86 = Release|x86
	EndGlobalSection
	GlobalSection(ProjectConfigurationPlatforms) = postSolution
		{6FE5EA11-CAF7-461D-AA42-D0AB59AE3BF0}.Debug|Any CPU.ActiveCfg = Debug|x86
		{6FE5EA11-CAF7-461D-AA42-D0AB59AE3BF0}.Debug|x86.ActiveCfg = Debug|x86
		{6FE5EA11-CAF7-461D-AA42-D0AB59AE3BF0}.Debug|x86.Build.0 = Debug|x86
		{6FE5EA11-CAF7-461D-AA42-D0AB59AE3BF0}.Default|Any CPU.ActiveCfg = Release|x86
		{6FE5EA11-CAF7-461D-AA42-D0AB59AE3BF0}.Default|Any CPU.Build.0 = Release|x86
		{6FE5EA11-CAF7-461D-AA42-D0AB59AE3BF0}.Default|x86.ActiveCfg = Debug|x86
		{6FE5EA11-CAF7-461D-AA42-D0AB59AE3BF0}.Default|x86.Build.0 = Debug|x86
		{6FE5EA11-CAF7-461D-AA42-D0AB59AE3BF0}.Release|Any CPU.ActiveCfg = Release|x86
		{6FE5EA11-CAF7-461D-AA42-D0AB59AE3BF0}.Release|x86.ActiveCfg = Release|x86
		{6FE5EA11-CAF7-461D-AA42-D0AB59AE3BF0}.Release|x86.Build.0 = Release|x86
		{C894AFF9-74FD-46FF-BA4B-529E5414B644}.Debug|Any CPU.ActiveCfg = Debug|x86
		{C894AFF9-74FD-46FF-BA4B-529E5414B644}.Debug|Any CPU.Build.0 = Debug|x86
		{C894AFF9-74FD-46FF-BA4B-529E5414B644}.Debug|x86.ActiveCfg = Debug|x86
		{C894AFF9-74FD-46FF-BA4B-529E5414B644}.Debug|x86.Build.0 = Debug|x86
		{C894AFF9-74FD-46FF-BA4B-529E5414B644}.Default|Any CPU.ActiveCfg = Release|x86
		{C894AFF9-74FD-46FF-BA4B-529E5414B644}.Default|Any CPU.Build.0 = Release|x86
		{C894AFF9-74FD-46FF-BA4B-529E5414B644}.Default|x86.ActiveCfg = Debug|x86
		{C894AFF9-74FD-46FF-BA4B-529E5414B644}.Default|x86.Build.0 = Debug|x86
		{C894AFF9-74FD-46FF-BA4B-529E5414B644}.Release|Any CPU.ActiveCfg = Release|x86
		{C894AFF9-74FD-46FF-BA4B-529E5414B644}.Release|Any CPU.Build.0 = Release|x86
		{C894AFF9-74FD-46FF-BA4B-529E5414B644}.Release|x86.ActiveCfg = Release|x86
		{C894AFF9-74FD-46FF-BA4B-529E5414B644}.Release|x86.Build.0 = Release|x86
		{048EFAC0-59DB-49E4-864A-06D4B5FEAAB6}.Debug|Any CPU.ActiveCfg = Debug|Any CPU
		{048EFAC0-59DB-49E4-864A-06D4B5FEAAB6}.Debug|Any CPU.Build.0 = Debug|Any CPU
		{048EFAC0-59DB-49E4-864A-06D4B5FEAAB6}.Debug|x86.ActiveCfg = Debug|Any CPU
		{048EFAC0-59DB-49E4-864A-06D4B5FEAAB6}.Debug|x86.Build.0 = Debug|Any CPU
		{048EFAC0-59DB-49E4-864A-06D4B5FEAAB6}.Default|Any CPU.ActiveCfg = Debug|Any CPU
		{048EFAC0-59DB-49E4-864A-06D4B5FEAAB6}.Default|Any CPU.Build.0 = Debug|Any CPU
		{048EFAC0-59DB-49E4-864A-06D4B5FEAAB6}.Default|x86.ActiveCfg = Debug|Any CPU
		{048EFAC0-59DB-49E4-864A-06D4B5FEAAB6}.Default|x86.Build.0 = Debug|Any CPU
		{048EFAC0-59DB-49E4-864A-06D4B5FEAAB6}.Release|Any CPU.ActiveCfg = Release|Any CPU
		{048EFAC0-59DB-49E4-864A-06D4B5FEAAB6}.Release|Any CPU.Build.0 = Release|Any CPU
		{048EFAC0-59DB-49E4-864A-06D4B5FEAAB6}.Release|x86.ActiveCfg = Release|Any CPU
		{048EFAC0-59DB-49E4-864A-06D4B5FEAAB6}.Release|x86.Build.0 = Release|Any CPU
		{7EC9B87C-8066-4A00-9285-65C7D17778B1}.Debug|Any CPU.ActiveCfg = Debug|x86
		{7EC9B87C-8066-4A00-9285-65C7D17778B1}.Debug|x86.ActiveCfg = Debug|x86
		{7EC9B87C-8066-4A00-9285-65C7D17778B1}.Debug|x86.Build.0 = Debug|x86
		{7EC9B87C-8066-4A00-9285-65C7D17778B1}.Default|Any CPU.ActiveCfg = Release|x86
		{7EC9B87C-8066-4A00-9285-65C7D17778B1}.Default|Any CPU.Build.0 = Release|x86
		{7EC9B87C-8066-4A00-9285-65C7D17778B1}.Default|x86.ActiveCfg = Debug|x86
		{7EC9B87C-8066-4A00-9285-65C7D17778B1}.Default|x86.Build.0 = Debug|x86
		{7EC9B87C-8066-4A00-9285-65C7D17778B1}.Release|Any CPU.ActiveCfg = Release|x86
		{7EC9B87C-8066-4A00-9285-65C7D17778B1}.Release|x86.ActiveCfg = Release|x86
		{7EC9B87C-8066-4A00-9285-65C7D17778B1}.Release|x86.Build.0 = Release|x86
	EndGlobalSection
	GlobalSection(SolutionProperties) = preSolution
		HideSolutionNode = FALSE
	EndGlobalSection
	GlobalSection(ExtensibilityGlobals) = postSolution
		SolutionGuid = {FED5F7D1-D606-481C-A1FB-90691B09D2EA}
	EndGlobalSection
	GlobalSection(MonoDevelopProperties) = preSolution
		Policies = $0
		$0.TextStylePolicy = $32
		$1.inheritsSet = VisualStudio
		$1.inheritsScope = text/plain
		$1.scope = text/x-csharp
		$0.CSharpFormattingPolicy = $2
		$2.IndentSwitchBody = True
		$2.IndentBlocksInsideExpressions = True
		$2.AnonymousMethodBraceStyle = NextLine
		$2.PropertyBraceStyle = NextLine
		$2.PropertyGetBraceStyle = NextLine
		$2.PropertySetBraceStyle = NextLine
		$2.EventBraceStyle = NextLine
		$2.EventAddBraceStyle = NextLine
		$2.EventRemoveBraceStyle = NextLine
		$2.StatementBraceStyle = NextLine
		$2.ElseNewLinePlacement = NewLine
		$2.CatchNewLinePlacement = NewLine
		$2.FinallyNewLinePlacement = NewLine
		$2.WhileNewLinePlacement = DoNotCare
		$2.ArrayInitializerWrapping = DoNotChange
		$2.ArrayInitializerBraceStyle = NextLine
		$2.BeforeMethodDeclarationParentheses = False
		$2.BeforeMethodCallParentheses = False
		$2.BeforeConstructorDeclarationParentheses = False
		$2.NewLineBeforeConstructorInitializerColon = NewLine
		$2.NewLineAfterConstructorInitializerColon = SameLine
		$2.BeforeDelegateDeclarationParentheses = False
		$2.NewParentheses = False
		$2.SpacesBeforeBrackets = False
		$2.inheritsSet = Mono
		$2.inheritsScope = text/x-csharp
		$2.scope = text/x-csharp
		$3.FileWidth = 120
		$3.inheritsSet = VisualStudio
		$3.inheritsScope = text/plain
		$3.scope = text/plain
		$4.inheritsSet = null
		$4.scope = text/x-mgcb
		$0.StandardHeader = $5
		$5.Text = 
		$5.IncludeInNewFiles = True
		$0.NameConventionPolicy = $6
		$6.Rules = $7
		$7.NamingRule = $27
		$8.Name = Namespaces
		$8.AffectedEntity = Namespace
		$8.VisibilityMask = VisibilityMask
		$8.NamingStyle = PascalCase
		$8.IncludeInstanceMembers = True
		$8.IncludeStaticEntities = True
		$9.Name = Types
		$9.AffectedEntity = Class, Struct, Enum, Delegate
		$9.VisibilityMask = Public
		$9.NamingStyle = PascalCase
		$9.IncludeInstanceMembers = True
		$9.IncludeStaticEntities = True
		$10.Name = Interfaces
		$10.RequiredPrefixes = $11
		$11.String = I
		$10.AffectedEntity = Interface
		$10.VisibilityMask = Public
		$10.NamingStyle = PascalCase
		$10.IncludeInstanceMembers = True
		$10.IncludeStaticEntities = True
		$12.Name = Attributes
		$12.RequiredSuffixes = $13
		$13.String = Attribute
		$12.AffectedEntity = CustomAttributes
		$12.VisibilityMask = Public
		$12.NamingStyle = PascalCase
		$12.IncludeInstanceMembers = True
		$12.IncludeStaticEntities = True
		$14.Name = Event Arguments
		$14.RequiredSuffixes = $15
		$15.String = EventArgs
		$14.AffectedEntity = CustomEventArgs
		$14.VisibilityMask = Public
		$14.NamingStyle = PascalCase
		$14.IncludeInstanceMembers = True
		$14.IncludeStaticEntities = True
		$16.Name = Exceptions
		$16.RequiredSuffixes = $17
		$17.String = Exception
		$16.AffectedEntity = CustomExceptions
		$16.VisibilityMask = VisibilityMask
		$16.NamingStyle = PascalCase
		$16.IncludeInstanceMembers = True
		$16.IncludeStaticEntities = True
		$18.Name = Methods
		$18.AffectedEntity = Methods
		$18.VisibilityMask = Protected, Public
		$18.NamingStyle = PascalCase
		$18.IncludeInstanceMembers = True
		$18.IncludeStaticEntities = True
		$19.Name = Static Readonly Fields
		$19.AffectedEntity = ReadonlyField
		$19.VisibilityMask = Protected, Public
		$19.NamingStyle = PascalCase
		$19.IncludeInstanceMembers = False
		$19.IncludeStaticEntities = True
		$20.Name = Fields
		$20.AffectedEntity = Field
		$20.VisibilityMask = Protected, Public
		$20.NamingStyle = PascalCase
		$20.IncludeInstanceMembers = True
		$20.IncludeStaticEntities = True
		$21.Name = ReadOnly Fields
		$21.AffectedEntity = ReadonlyField
		$21.VisibilityMask = Protected, Public
		$21.NamingStyle = PascalCase
		$21.IncludeInstanceMembers = True
		$21.IncludeStaticEntities = False
		$22.Name = Constant Fields
		$22.AffectedEntity = ConstantField
		$22.VisibilityMask = Protected, Public
		$22.NamingStyle = PascalCase
		$22.IncludeInstanceMembers = True
		$22.IncludeStaticEntities = True
		$23.Name = Properties
		$23.AffectedEntity = Property
		$23.VisibilityMask = Protected, Public
		$23.NamingStyle = PascalCase
		$23.IncludeInstanceMembers = True
		$23.IncludeStaticEntities = True
		$24.Name = Events
		$24.AffectedEntity = Event
		$24.VisibilityMask = Protected, Public
		$24.NamingStyle = PascalCase
		$24.IncludeInstanceMembers = True
		$24.IncludeStaticEntities = True
		$25.Name = Enum Members
		$25.AffectedEntity = EnumMember
		$25.VisibilityMask = VisibilityMask
		$25.NamingStyle = PascalCase
		$25.IncludeInstanceMembers = True
		$25.IncludeStaticEntities = True
		$26.Name = Parameters
		$26.AffectedEntity = Parameter
		$26.VisibilityMask = VisibilityMask
		$26.NamingStyle = CamelCase
		$26.IncludeInstanceMembers = True
		$26.IncludeStaticEntities = True
		$27.Name = Type Parameters
		$27.RequiredPrefixes = $28
		$28.String = T
		$27.AffectedEntity = TypeParameter
		$27.VisibilityMask = VisibilityMask
		$27.NamingStyle = PascalCase
		$27.IncludeInstanceMembers = True
		$27.IncludeStaticEntities = True
		$0.DotNetNamingPolicy = $29
		$29.DirectoryNamespaceAssociation = PrefixedHierarchical
		$29.ResourceNamePolicy = FileFormatDefault
		$30.inheritsSet = null
		$30.scope = application/config+xml
		$0.XmlFormattingPolicy = $33
		$31.inheritsSet = null
		$31.scope = application/config+xml
		$32.inheritsSet = null
		$32.scope = application/xml
		$33.inheritsSet = Mono
		$33.inheritsScope = application/xml
		$33.scope = application/xml
		$0.VersionControlPolicy = $34
		$34.inheritsSet = Mono
	EndGlobalSection
EndGlobal
